// !$*UTF8*$!
{
	archiveVersion = 1;
	classes = {
	};
	objectVersion = 51;
	objects = {

/* Begin PBXBuildFile section */
		59700507640D076D6B0410AE /* Pods_dividend_analyserTests.framework in Frameworks */ = {isa = PBXBuildFile; fileRef = 80202F11A911963C3D27BADD /* Pods_dividend_analyserTests.framework */; };
		6F12C3A2246DA57B00806D6E /* Portofolio.swift in Sources */ = {isa = PBXBuildFile; fileRef = 6F12C3A1246DA57B00806D6E /* Portofolio.swift */; };
		6F12C3A3246DA57B00806D6E /* Portofolio.swift in Sources */ = {isa = PBXBuildFile; fileRef = 6F12C3A1246DA57B00806D6E /* Portofolio.swift */; };
		6F12C3A4246DA57B00806D6E /* Portofolio.swift in Sources */ = {isa = PBXBuildFile; fileRef = 6F12C3A1246DA57B00806D6E /* Portofolio.swift */; };
		6F16226D247EECD700656FCB /* Main.storyboard in Resources */ = {isa = PBXBuildFile; fileRef = 6F8E6B982468798600FF7695 /* Main.storyboard */; };
		6F16226E247EECD700656FCB /* Main.storyboard in Resources */ = {isa = PBXBuildFile; fileRef = 6F8E6B982468798600FF7695 /* Main.storyboard */; };
		6F2B3612247C1AC9003FE4EE /* RootInfoController.swift in Sources */ = {isa = PBXBuildFile; fileRef = 6F2B3611247C1AC9003FE4EE /* RootInfoController.swift */; };
		6F2B3613247C1AC9003FE4EE /* RootInfoController.swift in Sources */ = {isa = PBXBuildFile; fileRef = 6F2B3611247C1AC9003FE4EE /* RootInfoController.swift */; };
		6F2B3614247C1AC9003FE4EE /* RootInfoController.swift in Sources */ = {isa = PBXBuildFile; fileRef = 6F2B3611247C1AC9003FE4EE /* RootInfoController.swift */; };
		6F30ED542468948600173F12 /* GoogleService-Info.plist in Resources */ = {isa = PBXBuildFile; fileRef = 6F30ED532468948600173F12 /* GoogleService-Info.plist */; };
		6F30ED552468948600173F12 /* GoogleService-Info.plist in Resources */ = {isa = PBXBuildFile; fileRef = 6F30ED532468948600173F12 /* GoogleService-Info.plist */; };
		6F30ED562468948600173F12 /* GoogleService-Info.plist in Resources */ = {isa = PBXBuildFile; fileRef = 6F30ED532468948600173F12 /* GoogleService-Info.plist */; };
		6F341C412468D1A1002151A9 /* UserScreenController.swift in Sources */ = {isa = PBXBuildFile; fileRef = 6F341C402468D1A1002151A9 /* UserScreenController.swift */; };
		6F341C422468D1A1002151A9 /* UserScreenController.swift in Sources */ = {isa = PBXBuildFile; fileRef = 6F341C402468D1A1002151A9 /* UserScreenController.swift */; };
		6F341C432468D1A1002151A9 /* UserScreenController.swift in Sources */ = {isa = PBXBuildFile; fileRef = 6F341C402468D1A1002151A9 /* UserScreenController.swift */; };
		6F64E18E247448A90040D455 /* imageExt.swift in Sources */ = {isa = PBXBuildFile; fileRef = 6F64E18D247448A80040D455 /* imageExt.swift */; };
		6F64E18F247448A90040D455 /* imageExt.swift in Sources */ = {isa = PBXBuildFile; fileRef = 6F64E18D247448A80040D455 /* imageExt.swift */; };
		6F64E190247448A90040D455 /* imageExt.swift in Sources */ = {isa = PBXBuildFile; fileRef = 6F64E18D247448A80040D455 /* imageExt.swift */; };
		6F687661246B178300BD45C6 /* TransactionClient.swift in Sources */ = {isa = PBXBuildFile; fileRef = 6F687660246B178300BD45C6 /* TransactionClient.swift */; };
		6F687662246B178300BD45C6 /* TransactionClient.swift in Sources */ = {isa = PBXBuildFile; fileRef = 6F687660246B178300BD45C6 /* TransactionClient.swift */; };
		6F687663246B178300BD45C6 /* TransactionClient.swift in Sources */ = {isa = PBXBuildFile; fileRef = 6F687660246B178300BD45C6 /* TransactionClient.swift */; };
		6F8E6B932468798600FF7695 /* AppDelegate.swift in Sources */ = {isa = PBXBuildFile; fileRef = 6F8E6B922468798600FF7695 /* AppDelegate.swift */; };
		6F8E6B952468798600FF7695 /* SceneDelegate.swift in Sources */ = {isa = PBXBuildFile; fileRef = 6F8E6B942468798600FF7695 /* SceneDelegate.swift */; };
		6F8E6B972468798600FF7695 /* ViewController.swift in Sources */ = {isa = PBXBuildFile; fileRef = 6F8E6B962468798600FF7695 /* ViewController.swift */; };
		6F8E6B9A2468798600FF7695 /* Main.storyboard in Resources */ = {isa = PBXBuildFile; fileRef = 6F8E6B982468798600FF7695 /* Main.storyboard */; };
		6F8E6B9C2468798800FF7695 /* Assets.xcassets in Resources */ = {isa = PBXBuildFile; fileRef = 6F8E6B9B2468798800FF7695 /* Assets.xcassets */; };
		6F8E6B9F2468798800FF7695 /* LaunchScreen.storyboard in Resources */ = {isa = PBXBuildFile; fileRef = 6F8E6B9D2468798800FF7695 /* LaunchScreen.storyboard */; };
		6F8E6BAA2468798800FF7695 /* dividend_analyserTests.swift in Sources */ = {isa = PBXBuildFile; fileRef = 6F8E6BA92468798800FF7695 /* dividend_analyserTests.swift */; };
		6F8E6BB52468798800FF7695 /* dividend_analyserUITests.swift in Sources */ = {isa = PBXBuildFile; fileRef = 6F8E6BB42468798800FF7695 /* dividend_analyserUITests.swift */; };
		6FB48F6F24699C2E002B09EB /* SettingsScreenController.swift in Sources */ = {isa = PBXBuildFile; fileRef = 6FB48F6E24699C2E002B09EB /* SettingsScreenController.swift */; };
		6FB48F7024699C2E002B09EB /* SettingsScreenController.swift in Sources */ = {isa = PBXBuildFile; fileRef = 6FB48F6E24699C2E002B09EB /* SettingsScreenController.swift */; };
		6FB48F7124699C2E002B09EB /* SettingsScreenController.swift in Sources */ = {isa = PBXBuildFile; fileRef = 6FB48F6E24699C2E002B09EB /* SettingsScreenController.swift */; };
		6FECC4B224718385009FF347 /* companylist.csv in Resources */ = {isa = PBXBuildFile; fileRef = 6FECC4B124718385009FF347 /* companylist.csv */; };
		6FECC4B324718385009FF347 /* companylist.csv in Resources */ = {isa = PBXBuildFile; fileRef = 6FECC4B124718385009FF347 /* companylist.csv */; };
		6FECC4B424718385009FF347 /* companylist.csv in Resources */ = {isa = PBXBuildFile; fileRef = 6FECC4B124718385009FF347 /* companylist.csv */; };
		6FECC4B6247183A2009FF347 /* symbolPredictor.swift in Sources */ = {isa = PBXBuildFile; fileRef = 6FECC4B5247183A2009FF347 /* symbolPredictor.swift */; };
		6FECC4B7247183A2009FF347 /* symbolPredictor.swift in Sources */ = {isa = PBXBuildFile; fileRef = 6FECC4B5247183A2009FF347 /* symbolPredictor.swift */; };
		6FECC4B8247183A2009FF347 /* symbolPredictor.swift in Sources */ = {isa = PBXBuildFile; fileRef = 6FECC4B5247183A2009FF347 /* symbolPredictor.swift */; };
		6FFD1235246C87AA00CB16C0 /* AddStocksController.swift in Sources */ = {isa = PBXBuildFile; fileRef = 6FFD1234246C87AA00CB16C0 /* AddStocksController.swift */; };
		6FFD1236246C87AA00CB16C0 /* AddStocksController.swift in Sources */ = {isa = PBXBuildFile; fileRef = 6FFD1234246C87AA00CB16C0 /* AddStocksController.swift */; };
		6FFD1237246C87AA00CB16C0 /* AddStocksController.swift in Sources */ = {isa = PBXBuildFile; fileRef = 6FFD1234246C87AA00CB16C0 /* AddStocksController.swift */; };
		6FFD123A246C9D7B00CB16C0 /* UserPortofolioController.swift in Sources */ = {isa = PBXBuildFile; fileRef = 6FFD1239246C9D7B00CB16C0 /* UserPortofolioController.swift */; };
		6FFD123B246C9D7B00CB16C0 /* UserPortofolioController.swift in Sources */ = {isa = PBXBuildFile; fileRef = 6FFD1239246C9D7B00CB16C0 /* UserPortofolioController.swift */; };
		6FFD123C246C9D7B00CB16C0 /* UserPortofolioController.swift in Sources */ = {isa = PBXBuildFile; fileRef = 6FFD1239246C9D7B00CB16C0 /* UserPortofolioController.swift */; };
		A405C9E324717D50007548C9 /* client.swift in Sources */ = {isa = PBXBuildFile; fileRef = A405C9E224717D50007548C9 /* client.swift */; };
		A405C9E424717D50007548C9 /* client.swift in Sources */ = {isa = PBXBuildFile; fileRef = A405C9E224717D50007548C9 /* client.swift */; };
		A405C9E524717D50007548C9 /* client.swift in Sources */ = {isa = PBXBuildFile; fileRef = A405C9E224717D50007548C9 /* client.swift */; };
		E410BF0A26136A9FFA057CCA /* Pods_dividend_analyser_dividend_analyserUITests.framework in Frameworks */ = {isa = PBXBuildFile; fileRef = C6855A7A14CB84244CE39553 /* Pods_dividend_analyser_dividend_analyserUITests.framework */; };
		F31882C875399774D62C6376 /* Pods_dividend_analyser.framework in Frameworks */ = {isa = PBXBuildFile; fileRef = 4788815D13DB1808C25657AE /* Pods_dividend_analyser.framework */; };
/* End PBXBuildFile section */

/* Begin PBXContainerItemProxy section */
		6F8E6BA62468798800FF7695 /* PBXContainerItemProxy */ = {
			isa = PBXContainerItemProxy;
			containerPortal = 6F8E6B872468798600FF7695 /* Project object */;
			proxyType = 1;
			remoteGlobalIDString = 6F8E6B8E2468798600FF7695;
			remoteInfo = "dividend-analyser";
		};
		6F8E6BB12468798800FF7695 /* PBXContainerItemProxy */ = {
			isa = PBXContainerItemProxy;
			containerPortal = 6F8E6B872468798600FF7695 /* Project object */;
			proxyType = 1;
			remoteGlobalIDString = 6F8E6B8E2468798600FF7695;
			remoteInfo = "dividend-analyser";
		};
/* End PBXContainerItemProxy section */

/* Begin PBXFileReference section */
		4788815D13DB1808C25657AE /* Pods_dividend_analyser.framework */ = {isa = PBXFileReference; explicitFileType = wrapper.framework; includeInIndex = 0; path = Pods_dividend_analyser.framework; sourceTree = BUILT_PRODUCTS_DIR; };
		4FDD6D76422A1D9B879AD8E3 /* Pods-dividend-analyser.release.xcconfig */ = {isa = PBXFileReference; includeInIndex = 1; lastKnownFileType = text.xcconfig; name = "Pods-dividend-analyser.release.xcconfig"; path = "Target Support Files/Pods-dividend-analyser/Pods-dividend-analyser.release.xcconfig"; sourceTree = "<group>"; };
		68207D0A17F0E23F2BCC6E7C /* Pods-dividend-analyser-dividend-analyserUITests.release.xcconfig */ = {isa = PBXFileReference; includeInIndex = 1; lastKnownFileType = text.xcconfig; name = "Pods-dividend-analyser-dividend-analyserUITests.release.xcconfig"; path = "Target Support Files/Pods-dividend-analyser-dividend-analyserUITests/Pods-dividend-analyser-dividend-analyserUITests.release.xcconfig"; sourceTree = "<group>"; };
		6F12C3A1246DA57B00806D6E /* Portofolio.swift */ = {isa = PBXFileReference; lastKnownFileType = sourcecode.swift; path = Portofolio.swift; sourceTree = "<group>"; };
		6F2B3611247C1AC9003FE4EE /* RootInfoController.swift */ = {isa = PBXFileReference; lastKnownFileType = sourcecode.swift; path = RootInfoController.swift; sourceTree = "<group>"; };
		6F30ED532468948600173F12 /* GoogleService-Info.plist */ = {isa = PBXFileReference; fileEncoding = 4; lastKnownFileType = text.plist.xml; path = "GoogleService-Info.plist"; sourceTree = "<group>"; };
		6F341C402468D1A1002151A9 /* UserScreenController.swift */ = {isa = PBXFileReference; lastKnownFileType = sourcecode.swift; path = UserScreenController.swift; sourceTree = "<group>"; };
		6F64E18D247448A80040D455 /* imageExt.swift */ = {isa = PBXFileReference; lastKnownFileType = sourcecode.swift; path = imageExt.swift; sourceTree = "<group>"; };
		6F687660246B178300BD45C6 /* TransactionClient.swift */ = {isa = PBXFileReference; lastKnownFileType = sourcecode.swift; path = TransactionClient.swift; sourceTree = "<group>"; };
		6F8E6B8F2468798600FF7695 /* dividend-analyser.app */ = {isa = PBXFileReference; explicitFileType = wrapper.application; includeInIndex = 0; path = "dividend-analyser.app"; sourceTree = BUILT_PRODUCTS_DIR; };
		6F8E6B922468798600FF7695 /* AppDelegate.swift */ = {isa = PBXFileReference; lastKnownFileType = sourcecode.swift; path = AppDelegate.swift; sourceTree = "<group>"; };
		6F8E6B942468798600FF7695 /* SceneDelegate.swift */ = {isa = PBXFileReference; lastKnownFileType = sourcecode.swift; path = SceneDelegate.swift; sourceTree = "<group>"; };
		6F8E6B962468798600FF7695 /* ViewController.swift */ = {isa = PBXFileReference; lastKnownFileType = sourcecode.swift; path = ViewController.swift; sourceTree = "<group>"; };
		6F8E6B992468798600FF7695 /* Base */ = {isa = PBXFileReference; lastKnownFileType = file.storyboard; name = Base; path = Base.lproj/Main.storyboard; sourceTree = "<group>"; };
		6F8E6B9B2468798800FF7695 /* Assets.xcassets */ = {isa = PBXFileReference; lastKnownFileType = folder.assetcatalog; path = Assets.xcassets; sourceTree = "<group>"; };
		6F8E6B9E2468798800FF7695 /* Base */ = {isa = PBXFileReference; lastKnownFileType = file.storyboard; name = Base; path = Base.lproj/LaunchScreen.storyboard; sourceTree = "<group>"; };
		6F8E6BA02468798800FF7695 /* Info.plist */ = {isa = PBXFileReference; lastKnownFileType = text.plist.xml; path = Info.plist; sourceTree = "<group>"; };
		6F8E6BA52468798800FF7695 /* dividend-analyserTests.xctest */ = {isa = PBXFileReference; explicitFileType = wrapper.cfbundle; includeInIndex = 0; path = "dividend-analyserTests.xctest"; sourceTree = BUILT_PRODUCTS_DIR; };
		6F8E6BA92468798800FF7695 /* dividend_analyserTests.swift */ = {isa = PBXFileReference; lastKnownFileType = sourcecode.swift; path = dividend_analyserTests.swift; sourceTree = "<group>"; };
		6F8E6BAB2468798800FF7695 /* Info.plist */ = {isa = PBXFileReference; lastKnownFileType = text.plist.xml; path = Info.plist; sourceTree = "<group>"; };
		6F8E6BB02468798800FF7695 /* dividend-analyserUITests.xctest */ = {isa = PBXFileReference; explicitFileType = wrapper.cfbundle; includeInIndex = 0; path = "dividend-analyserUITests.xctest"; sourceTree = BUILT_PRODUCTS_DIR; };
		6F8E6BB42468798800FF7695 /* dividend_analyserUITests.swift */ = {isa = PBXFileReference; lastKnownFileType = sourcecode.swift; path = dividend_analyserUITests.swift; sourceTree = "<group>"; };
		6F8E6BB62468798800FF7695 /* Info.plist */ = {isa = PBXFileReference; lastKnownFileType = text.plist.xml; path = Info.plist; sourceTree = "<group>"; };
		6FB48F6E24699C2E002B09EB /* SettingsScreenController.swift */ = {isa = PBXFileReference; lastKnownFileType = sourcecode.swift; path = SettingsScreenController.swift; sourceTree = "<group>"; };
		6FECC4B124718385009FF347 /* companylist.csv */ = {isa = PBXFileReference; fileEncoding = 4; lastKnownFileType = text; name = companylist.csv; path = ../../../../../../../../../../Downloads/companylist.csv; sourceTree = "<group>"; };
		6FECC4B5247183A2009FF347 /* symbolPredictor.swift */ = {isa = PBXFileReference; lastKnownFileType = sourcecode.swift; path = symbolPredictor.swift; sourceTree = "<group>"; };
		6FFD1234246C87AA00CB16C0 /* AddStocksController.swift */ = {isa = PBXFileReference; lastKnownFileType = sourcecode.swift; path = AddStocksController.swift; sourceTree = "<group>"; };
		6FFD1239246C9D7B00CB16C0 /* UserPortofolioController.swift */ = {isa = PBXFileReference; lastKnownFileType = sourcecode.swift; path = UserPortofolioController.swift; sourceTree = "<group>"; };
		7BD9A9590311BDF79AE98845 /* Pods-dividend-analyser.debug.xcconfig */ = {isa = PBXFileReference; includeInIndex = 1; lastKnownFileType = text.xcconfig; name = "Pods-dividend-analyser.debug.xcconfig"; path = "Target Support Files/Pods-dividend-analyser/Pods-dividend-analyser.debug.xcconfig"; sourceTree = "<group>"; };
		80202F11A911963C3D27BADD /* Pods_dividend_analyserTests.framework */ = {isa = PBXFileReference; explicitFileType = wrapper.framework; includeInIndex = 0; path = Pods_dividend_analyserTests.framework; sourceTree = BUILT_PRODUCTS_DIR; };
		91356CF458278A01F38BD19B /* Pods-dividend-analyserTests.debug.xcconfig */ = {isa = PBXFileReference; includeInIndex = 1; lastKnownFileType = text.xcconfig; name = "Pods-dividend-analyserTests.debug.xcconfig"; path = "Target Support Files/Pods-dividend-analyserTests/Pods-dividend-analyserTests.debug.xcconfig"; sourceTree = "<group>"; };
		A14025D3D7F6FA0E7AB9D39E /* Pods-dividend-analyser-dividend-analyserUITests.debug.xcconfig */ = {isa = PBXFileReference; includeInIndex = 1; lastKnownFileType = text.xcconfig; name = "Pods-dividend-analyser-dividend-analyserUITests.debug.xcconfig"; path = "Target Support Files/Pods-dividend-analyser-dividend-analyserUITests/Pods-dividend-analyser-dividend-analyserUITests.debug.xcconfig"; sourceTree = "<group>"; };
		A405C9E224717D50007548C9 /* client.swift */ = {isa = PBXFileReference; lastKnownFileType = sourcecode.swift; path = client.swift; sourceTree = "<group>"; };
		C6855A7A14CB84244CE39553 /* Pods_dividend_analyser_dividend_analyserUITests.framework */ = {isa = PBXFileReference; explicitFileType = wrapper.framework; includeInIndex = 0; path = Pods_dividend_analyser_dividend_analyserUITests.framework; sourceTree = BUILT_PRODUCTS_DIR; };
		F9252F49F455A7A5DF45F176 /* Pods-dividend-analyserTests.release.xcconfig */ = {isa = PBXFileReference; includeInIndex = 1; lastKnownFileType = text.xcconfig; name = "Pods-dividend-analyserTests.release.xcconfig"; path = "Target Support Files/Pods-dividend-analyserTests/Pods-dividend-analyserTests.release.xcconfig"; sourceTree = "<group>"; };
/* End PBXFileReference section */

/* Begin PBXFrameworksBuildPhase section */
		6F8E6B8C2468798600FF7695 /* Frameworks */ = {
			isa = PBXFrameworksBuildPhase;
			buildActionMask = 2147483647;
			files = (
				F31882C875399774D62C6376 /* Pods_dividend_analyser.framework in Frameworks */,
			);
			runOnlyForDeploymentPostprocessing = 0;
		};
		6F8E6BA22468798800FF7695 /* Frameworks */ = {
			isa = PBXFrameworksBuildPhase;
			buildActionMask = 2147483647;
			files = (
				59700507640D076D6B0410AE /* Pods_dividend_analyserTests.framework in Frameworks */,
			);
			runOnlyForDeploymentPostprocessing = 0;
		};
		6F8E6BAD2468798800FF7695 /* Frameworks */ = {
			isa = PBXFrameworksBuildPhase;
			buildActionMask = 2147483647;
			files = (
				E410BF0A26136A9FFA057CCA /* Pods_dividend_analyser_dividend_analyserUITests.framework in Frameworks */,
			);
			runOnlyForDeploymentPostprocessing = 0;
		};
/* End PBXFrameworksBuildPhase section */

/* Begin PBXGroup section */
		2349C05E29174EFCFB0394D1 /* Pods */ = {
			isa = PBXGroup;
			children = (
				7BD9A9590311BDF79AE98845 /* Pods-dividend-analyser.debug.xcconfig */,
				4FDD6D76422A1D9B879AD8E3 /* Pods-dividend-analyser.release.xcconfig */,
				A14025D3D7F6FA0E7AB9D39E /* Pods-dividend-analyser-dividend-analyserUITests.debug.xcconfig */,
				68207D0A17F0E23F2BCC6E7C /* Pods-dividend-analyser-dividend-analyserUITests.release.xcconfig */,
				91356CF458278A01F38BD19B /* Pods-dividend-analyserTests.debug.xcconfig */,
				F9252F49F455A7A5DF45F176 /* Pods-dividend-analyserTests.release.xcconfig */,
			);
			path = Pods;
			sourceTree = "<group>";
		};
		6F8E6B862468798600FF7695 = {
			isa = PBXGroup;
			children = (
				6F8E6B912468798600FF7695 /* dividend-analyser */,
				6F8E6BA82468798800FF7695 /* dividend-analyserTests */,
				6F8E6BB32468798800FF7695 /* dividend-analyserUITests */,
				6F8E6B902468798600FF7695 /* Products */,
				2349C05E29174EFCFB0394D1 /* Pods */,
				C0D66F3B70B3E1AEE92F91B9 /* Frameworks */,
			);
			sourceTree = "<group>";
		};
		6F8E6B902468798600FF7695 /* Products */ = {
			isa = PBXGroup;
			children = (
				6F8E6B8F2468798600FF7695 /* dividend-analyser.app */,
				6F8E6BA52468798800FF7695 /* dividend-analyserTests.xctest */,
				6F8E6BB02468798800FF7695 /* dividend-analyserUITests.xctest */,
			);
			name = Products;
			sourceTree = "<group>";
		};
		6F8E6B912468798600FF7695 /* dividend-analyser */ = {
			isa = PBXGroup;
			children = (
				6F8E6BC324687A3200FF7695 /* Client */,
				6F8E6BC224687A1E00FF7695 /* Usersys */,
				6F8E6B922468798600FF7695 /* AppDelegate.swift */,
				6F8E6B942468798600FF7695 /* SceneDelegate.swift */,
				6F8E6B962468798600FF7695 /* ViewController.swift */,
				6F2B3611247C1AC9003FE4EE /* RootInfoController.swift */,
				6F8E6B982468798600FF7695 /* Main.storyboard */,
				6F8E6B9B2468798800FF7695 /* Assets.xcassets */,
				6F8E6B9D2468798800FF7695 /* LaunchScreen.storyboard */,
				6F8E6BA02468798800FF7695 /* Info.plist */,
				6F30ED532468948600173F12 /* GoogleService-Info.plist */,
			);
			path = "dividend-analyser";
			sourceTree = "<group>";
		};
		6F8E6BA82468798800FF7695 /* dividend-analyserTests */ = {
			isa = PBXGroup;
			children = (
				6F8E6BA92468798800FF7695 /* dividend_analyserTests.swift */,
				6F8E6BAB2468798800FF7695 /* Info.plist */,
			);
			path = "dividend-analyserTests";
			sourceTree = "<group>";
		};
		6F8E6BB32468798800FF7695 /* dividend-analyserUITests */ = {
			isa = PBXGroup;
			children = (
				6F8E6BB42468798800FF7695 /* dividend_analyserUITests.swift */,
				6F8E6BB62468798800FF7695 /* Info.plist */,
			);
			path = "dividend-analyserUITests";
			sourceTree = "<group>";
		};
		6F8E6BC224687A1E00FF7695 /* Usersys */ = {
			isa = PBXGroup;
			children = (
				6FFD1238246C9D5800CB16C0 /* Views */,
				6F8E6BC7246880FA00FF7695 /* Transactions */,
				6F8E6BC6246880F500FF7695 /* Auth */,
			);
			path = Usersys;
			sourceTree = "<group>";
		};
		6F8E6BC324687A3200FF7695 /* Client */ = {
			isa = PBXGroup;
			children = (
				6FECC4B024718377009FF347 /* Other */,
				A405C9E124717D28007548C9 /* source */,
				6FFD1233246C871D00CB16C0 /* Views */,
			);
			path = Client;
			sourceTree = "<group>";
		};
		6F8E6BC6246880F500FF7695 /* Auth */ = {
			isa = PBXGroup;
			children = (
				6F341C402468D1A1002151A9 /* UserScreenController.swift */,
				6FB48F6E24699C2E002B09EB /* SettingsScreenController.swift */,
			);
			path = Auth;
			sourceTree = "<group>";
		};
		6F8E6BC7246880FA00FF7695 /* Transactions */ = {
			isa = PBXGroup;
			children = (
				6F687660246B178300BD45C6 /* TransactionClient.swift */,
				6F12C3A1246DA57B00806D6E /* Portofolio.swift */,
			);
			path = Transactions;
			sourceTree = "<group>";
		};
		6FECC4B024718377009FF347 /* Other */ = {
			isa = PBXGroup;
			children = (
				6FECC4B124718385009FF347 /* companylist.csv */,
				6FECC4B5247183A2009FF347 /* symbolPredictor.swift */,
				6F64E18D247448A80040D455 /* imageExt.swift */,
			);
			path = Other;
			sourceTree = "<group>";
		};
		6FFD1233246C871D00CB16C0 /* Views */ = {
			isa = PBXGroup;
			children = (
				6FFD1234246C87AA00CB16C0 /* AddStocksController.swift */,
			);
			path = Views;
			sourceTree = "<group>";
		};
		6FFD1238246C9D5800CB16C0 /* Views */ = {
			isa = PBXGroup;
			children = (
				6FFD1239246C9D7B00CB16C0 /* UserPortofolioController.swift */,
			);
			path = Views;
			sourceTree = "<group>";
		};
		A405C9E124717D28007548C9 /* source */ = {
			isa = PBXGroup;
			children = (
				A405C9E224717D50007548C9 /* client.swift */,
			);
			path = source;
			sourceTree = "<group>";
		};
		C0D66F3B70B3E1AEE92F91B9 /* Frameworks */ = {
			isa = PBXGroup;
			children = (
				4788815D13DB1808C25657AE /* Pods_dividend_analyser.framework */,
				C6855A7A14CB84244CE39553 /* Pods_dividend_analyser_dividend_analyserUITests.framework */,
				80202F11A911963C3D27BADD /* Pods_dividend_analyserTests.framework */,
			);
			name = Frameworks;
			sourceTree = "<group>";
		};
/* End PBXGroup section */

/* Begin PBXNativeTarget section */
		6F8E6B8E2468798600FF7695 /* dividend-analyser */ = {
			isa = PBXNativeTarget;
			buildConfigurationList = 6F8E6BB92468798800FF7695 /* Build configuration list for PBXNativeTarget "dividend-analyser" */;
			buildPhases = (
				7AEFA9A77E78F925F2CAA42F /* [CP] Check Pods Manifest.lock */,
				6F8E6B8B2468798600FF7695 /* Sources */,
				6F8E6B8C2468798600FF7695 /* Frameworks */,
				6F8E6B8D2468798600FF7695 /* Resources */,
				4950E083DCDE3258FED77A75 /* [CP] Embed Pods Frameworks */,
			);
			buildRules = (
			);
			dependencies = (
			);
			name = "dividend-analyser";
			productName = "dividend-analyser";
			productReference = 6F8E6B8F2468798600FF7695 /* dividend-analyser.app */;
			productType = "com.apple.product-type.application";
		};
		6F8E6BA42468798800FF7695 /* dividend-analyserTests */ = {
			isa = PBXNativeTarget;
			buildConfigurationList = 6F8E6BBC2468798800FF7695 /* Build configuration list for PBXNativeTarget "dividend-analyserTests" */;
			buildPhases = (
				4610186B77DB650D457F50A4 /* [CP] Check Pods Manifest.lock */,
				6F8E6BA12468798800FF7695 /* Sources */,
				6F8E6BA22468798800FF7695 /* Frameworks */,
				6F8E6BA32468798800FF7695 /* Resources */,
			);
			buildRules = (
			);
			dependencies = (
				6F8E6BA72468798800FF7695 /* PBXTargetDependency */,
			);
			name = "dividend-analyserTests";
			productName = "dividend-analyserTests";
			productReference = 6F8E6BA52468798800FF7695 /* dividend-analyserTests.xctest */;
			productType = "com.apple.product-type.bundle.unit-test";
		};
		6F8E6BAF2468798800FF7695 /* dividend-analyserUITests */ = {
			isa = PBXNativeTarget;
			buildConfigurationList = 6F8E6BBF2468798800FF7695 /* Build configuration list for PBXNativeTarget "dividend-analyserUITests" */;
			buildPhases = (
				D1912CE4849F435359D8AE9E /* [CP] Check Pods Manifest.lock */,
				6F8E6BAC2468798800FF7695 /* Sources */,
				6F8E6BAD2468798800FF7695 /* Frameworks */,
				6F8E6BAE2468798800FF7695 /* Resources */,
				8FE4B2BAE4D894E002D567C1 /* [CP] Embed Pods Frameworks */,
			);
			buildRules = (
			);
			dependencies = (
				6F8E6BB22468798800FF7695 /* PBXTargetDependency */,
			);
			name = "dividend-analyserUITests";
			productName = "dividend-analyserUITests";
			productReference = 6F8E6BB02468798800FF7695 /* dividend-analyserUITests.xctest */;
			productType = "com.apple.product-type.bundle.ui-testing";
		};
/* End PBXNativeTarget section */

/* Begin PBXProject section */
		6F8E6B872468798600FF7695 /* Project object */ = {
			isa = PBXProject;
			attributes = {
				LastSwiftUpdateCheck = 1140;
				LastUpgradeCheck = 1140;
				ORGANIZATIONNAME = "Razvan-Antonio Berbece";
				TargetAttributes = {
					6F8E6B8E2468798600FF7695 = {
						CreatedOnToolsVersion = 11.4.1;
					};
					6F8E6BA42468798800FF7695 = {
						CreatedOnToolsVersion = 11.4.1;
						TestTargetID = 6F8E6B8E2468798600FF7695;
					};
					6F8E6BAF2468798800FF7695 = {
						CreatedOnToolsVersion = 11.4.1;
						TestTargetID = 6F8E6B8E2468798600FF7695;
					};
				};
			};
			buildConfigurationList = 6F8E6B8A2468798600FF7695 /* Build configuration list for PBXProject "dividend-analyser" */;
			compatibilityVersion = "Xcode 9.3";
			developmentRegion = en;
			hasScannedForEncodings = 0;
			knownRegions = (
				en,
				Base,
			);
			mainGroup = 6F8E6B862468798600FF7695;
			productRefGroup = 6F8E6B902468798600FF7695 /* Products */;
			projectDirPath = "";
			projectRoot = "";
			targets = (
				6F8E6B8E2468798600FF7695 /* dividend-analyser */,
				6F8E6BA42468798800FF7695 /* dividend-analyserTests */,
				6F8E6BAF2468798800FF7695 /* dividend-analyserUITests */,
			);
		};
/* End PBXProject section */

/* Begin PBXResourcesBuildPhase section */
		6F8E6B8D2468798600FF7695 /* Resources */ = {
			isa = PBXResourcesBuildPhase;
			buildActionMask = 2147483647;
			files = (
				6F8E6B9F2468798800FF7695 /* LaunchScreen.storyboard in Resources */,
				6FECC4B224718385009FF347 /* companylist.csv in Resources */,
				6F30ED542468948600173F12 /* GoogleService-Info.plist in Resources */,
				6F8E6B9C2468798800FF7695 /* Assets.xcassets in Resources */,
				6F8E6B9A2468798600FF7695 /* Main.storyboard in Resources */,
			);
			runOnlyForDeploymentPostprocessing = 0;
		};
		6F8E6BA32468798800FF7695 /* Resources */ = {
			isa = PBXResourcesBuildPhase;
			buildActionMask = 2147483647;
			files = (
				6F16226D247EECD700656FCB /* Main.storyboard in Resources */,
				6FECC4B324718385009FF347 /* companylist.csv in Resources */,
				6F30ED552468948600173F12 /* GoogleService-Info.plist in Resources */,
			);
			runOnlyForDeploymentPostprocessing = 0;
		};
		6F8E6BAE2468798800FF7695 /* Resources */ = {
			isa = PBXResourcesBuildPhase;
			buildActionMask = 2147483647;
			files = (
				6F16226E247EECD700656FCB /* Main.storyboard in Resources */,
				6FECC4B424718385009FF347 /* companylist.csv in Resources */,
				6F30ED562468948600173F12 /* GoogleService-Info.plist in Resources */,
			);
			runOnlyForDeploymentPostprocessing = 0;
		};
/* End PBXResourcesBuildPhase section */

/* Begin PBXShellScriptBuildPhase section */
		4610186B77DB650D457F50A4 /* [CP] Check Pods Manifest.lock */ = {
			isa = PBXShellScriptBuildPhase;
			buildActionMask = 2147483647;
			files = (
			);
			inputFileListPaths = (
			);
			inputPaths = (
				"${PODS_PODFILE_DIR_PATH}/Podfile.lock",
				"${PODS_ROOT}/Manifest.lock",
			);
			name = "[CP] Check Pods Manifest.lock";
			outputFileListPaths = (
			);
			outputPaths = (
				"$(DERIVED_FILE_DIR)/Pods-dividend-analyserTests-checkManifestLockResult.txt",
			);
			runOnlyForDeploymentPostprocessing = 0;
			shellPath = /bin/sh;
			shellScript = "diff \"${PODS_PODFILE_DIR_PATH}/Podfile.lock\" \"${PODS_ROOT}/Manifest.lock\" > /dev/null\nif [ $? != 0 ] ; then\n    # print error to STDERR\n    echo \"error: The sandbox is not in sync with the Podfile.lock. Run 'pod install' or update your CocoaPods installation.\" >&2\n    exit 1\nfi\n# This output is used by Xcode 'outputs' to avoid re-running this script phase.\necho \"SUCCESS\" > \"${SCRIPT_OUTPUT_FILE_0}\"\n";
			showEnvVarsInLog = 0;
		};
		4950E083DCDE3258FED77A75 /* [CP] Embed Pods Frameworks */ = {
			isa = PBXShellScriptBuildPhase;
			buildActionMask = 2147483647;
			files = (
			);
			inputFileListPaths = (
				"${PODS_ROOT}/Target Support Files/Pods-dividend-analyser/Pods-dividend-analyser-frameworks-${CONFIGURATION}-input-files.xcfilelist",
			);
			name = "[CP] Embed Pods Frameworks";
			outputFileListPaths = (
				"${PODS_ROOT}/Target Support Files/Pods-dividend-analyser/Pods-dividend-analyser-frameworks-${CONFIGURATION}-output-files.xcfilelist",
			);
			runOnlyForDeploymentPostprocessing = 0;
			shellPath = /bin/sh;
			shellScript = "\"${PODS_ROOT}/Target Support Files/Pods-dividend-analyser/Pods-dividend-analyser-frameworks.sh\"\n";
			showEnvVarsInLog = 0;
		};
		7AEFA9A77E78F925F2CAA42F /* [CP] Check Pods Manifest.lock */ = {
			isa = PBXShellScriptBuildPhase;
			buildActionMask = 2147483647;
			files = (
			);
			inputFileListPaths = (
			);
			inputPaths = (
				"${PODS_PODFILE_DIR_PATH}/Podfile.lock",
				"${PODS_ROOT}/Manifest.lock",
			);
			name = "[CP] Check Pods Manifest.lock";
			outputFileListPaths = (
			);
			outputPaths = (
				"$(DERIVED_FILE_DIR)/Pods-dividend-analyser-checkManifestLockResult.txt",
			);
			runOnlyForDeploymentPostprocessing = 0;
			shellPath = /bin/sh;
			shellScript = "diff \"${PODS_PODFILE_DIR_PATH}/Podfile.lock\" \"${PODS_ROOT}/Manifest.lock\" > /dev/null\nif [ $? != 0 ] ; then\n    # print error to STDERR\n    echo \"error: The sandbox is not in sync with the Podfile.lock. Run 'pod install' or update your CocoaPods installation.\" >&2\n    exit 1\nfi\n# This output is used by Xcode 'outputs' to avoid re-running this script phase.\necho \"SUCCESS\" > \"${SCRIPT_OUTPUT_FILE_0}\"\n";
			showEnvVarsInLog = 0;
		};
		8FE4B2BAE4D894E002D567C1 /* [CP] Embed Pods Frameworks */ = {
			isa = PBXShellScriptBuildPhase;
			buildActionMask = 2147483647;
			files = (
			);
			inputFileListPaths = (
				"${PODS_ROOT}/Target Support Files/Pods-dividend-analyser-dividend-analyserUITests/Pods-dividend-analyser-dividend-analyserUITests-frameworks-${CONFIGURATION}-input-files.xcfilelist",
			);
			name = "[CP] Embed Pods Frameworks";
			outputFileListPaths = (
				"${PODS_ROOT}/Target Support Files/Pods-dividend-analyser-dividend-analyserUITests/Pods-dividend-analyser-dividend-analyserUITests-frameworks-${CONFIGURATION}-output-files.xcfilelist",
			);
			runOnlyForDeploymentPostprocessing = 0;
			shellPath = /bin/sh;
			shellScript = "\"${PODS_ROOT}/Target Support Files/Pods-dividend-analyser-dividend-analyserUITests/Pods-dividend-analyser-dividend-analyserUITests-frameworks.sh\"\n";
			showEnvVarsInLog = 0;
		};
		D1912CE4849F435359D8AE9E /* [CP] Check Pods Manifest.lock */ = {
			isa = PBXShellScriptBuildPhase;
			buildActionMask = 2147483647;
			files = (
			);
			inputFileListPaths = (
			);
			inputPaths = (
				"${PODS_PODFILE_DIR_PATH}/Podfile.lock",
				"${PODS_ROOT}/Manifest.lock",
			);
			name = "[CP] Check Pods Manifest.lock";
			outputFileListPaths = (
			);
			outputPaths = (
				"$(DERIVED_FILE_DIR)/Pods-dividend-analyser-dividend-analyserUITests-checkManifestLockResult.txt",
			);
			runOnlyForDeploymentPostprocessing = 0;
			shellPath = /bin/sh;
			shellScript = "diff \"${PODS_PODFILE_DIR_PATH}/Podfile.lock\" \"${PODS_ROOT}/Manifest.lock\" > /dev/null\nif [ $? != 0 ] ; then\n    # print error to STDERR\n    echo \"error: The sandbox is not in sync with the Podfile.lock. Run 'pod install' or update your CocoaPods installation.\" >&2\n    exit 1\nfi\n# This output is used by Xcode 'outputs' to avoid re-running this script phase.\necho \"SUCCESS\" > \"${SCRIPT_OUTPUT_FILE_0}\"\n";
			showEnvVarsInLog = 0;
		};
/* End PBXShellScriptBuildPhase section */

/* Begin PBXSourcesBuildPhase section */
		6F8E6B8B2468798600FF7695 /* Sources */ = {
			isa = PBXSourcesBuildPhase;
			buildActionMask = 2147483647;
			files = (
				6F341C412468D1A1002151A9 /* UserScreenController.swift in Sources */,
				6FFD123A246C9D7B00CB16C0 /* UserPortofolioController.swift in Sources */,
				6FFD1235246C87AA00CB16C0 /* AddStocksController.swift in Sources */,
				6F687661246B178300BD45C6 /* TransactionClient.swift in Sources */,
				A405C9E324717D50007548C9 /* client.swift in Sources */,
				6F64E18E247448A90040D455 /* imageExt.swift in Sources */,
				6F12C3A2246DA57B00806D6E /* Portofolio.swift in Sources */,
				6F8E6B972468798600FF7695 /* ViewController.swift in Sources */,
				6F8E6B932468798600FF7695 /* AppDelegate.swift in Sources */,
				6F8E6B952468798600FF7695 /* SceneDelegate.swift in Sources */,
				6FECC4B6247183A2009FF347 /* symbolPredictor.swift in Sources */,
				6FB48F6F24699C2E002B09EB /* SettingsScreenController.swift in Sources */,
				6F2B3612247C1AC9003FE4EE /* RootInfoController.swift in Sources */,
			);
			runOnlyForDeploymentPostprocessing = 0;
		};
		6F8E6BA12468798800FF7695 /* Sources */ = {
			isa = PBXSourcesBuildPhase;
			buildActionMask = 2147483647;
			files = (
				6FFD1236246C87AA00CB16C0 /* AddStocksController.swift in Sources */,
				6F64E18F247448A90040D455 /* imageExt.swift in Sources */,
				6F341C422468D1A1002151A9 /* UserScreenController.swift in Sources */,
				6FECC4B7247183A2009FF347 /* symbolPredictor.swift in Sources */,
				6F8E6BAA2468798800FF7695 /* dividend_analyserTests.swift in Sources */,
				6F12C3A3246DA57B00806D6E /* Portofolio.swift in Sources */,
				6FFD123B246C9D7B00CB16C0 /* UserPortofolioController.swift in Sources */,
				6FB48F7024699C2E002B09EB /* SettingsScreenController.swift in Sources */,
				6F2B3613247C1AC9003FE4EE /* RootInfoController.swift in Sources */,
				A405C9E424717D50007548C9 /* client.swift in Sources */,
				6F687662246B178300BD45C6 /* TransactionClient.swift in Sources */,
			);
			runOnlyForDeploymentPostprocessing = 0;
		};
		6F8E6BAC2468798800FF7695 /* Sources */ = {
			isa = PBXSourcesBuildPhase;
			buildActionMask = 2147483647;
			files = (
				6FFD1237246C87AA00CB16C0 /* AddStocksController.swift in Sources */,
				6F64E190247448A90040D455 /* imageExt.swift in Sources */,
				6F341C432468D1A1002151A9 /* UserScreenController.swift in Sources */,
				6FECC4B8247183A2009FF347 /* symbolPredictor.swift in Sources */,
				6F8E6BB52468798800FF7695 /* dividend_analyserUITests.swift in Sources */,
				6F12C3A4246DA57B00806D6E /* Portofolio.swift in Sources */,
				6FFD123C246C9D7B00CB16C0 /* UserPortofolioController.swift in Sources */,
				6FB48F7124699C2E002B09EB /* SettingsScreenController.swift in Sources */,
				6F2B3614247C1AC9003FE4EE /* RootInfoController.swift in Sources */,
				A405C9E524717D50007548C9 /* client.swift in Sources */,
				6F687663246B178300BD45C6 /* TransactionClient.swift in Sources */,
			);
			runOnlyForDeploymentPostprocessing = 0;
		};
/* End PBXSourcesBuildPhase section */

/* Begin PBXTargetDependency section */
		6F8E6BA72468798800FF7695 /* PBXTargetDependency */ = {
			isa = PBXTargetDependency;
			target = 6F8E6B8E2468798600FF7695 /* dividend-analyser */;
			targetProxy = 6F8E6BA62468798800FF7695 /* PBXContainerItemProxy */;
		};
		6F8E6BB22468798800FF7695 /* PBXTargetDependency */ = {
			isa = PBXTargetDependency;
			target = 6F8E6B8E2468798600FF7695 /* dividend-analyser */;
			targetProxy = 6F8E6BB12468798800FF7695 /* PBXContainerItemProxy */;
		};
/* End PBXTargetDependency section */

/* Begin PBXVariantGroup section */
		6F8E6B982468798600FF7695 /* Main.storyboard */ = {
			isa = PBXVariantGroup;
			children = (
				6F8E6B992468798600FF7695 /* Base */,
			);
			name = Main.storyboard;
			sourceTree = "<group>";
		};
		6F8E6B9D2468798800FF7695 /* LaunchScreen.storyboard */ = {
			isa = PBXVariantGroup;
			children = (
				6F8E6B9E2468798800FF7695 /* Base */,
			);
			name = LaunchScreen.storyboard;
			sourceTree = "<group>";
		};
/* End PBXVariantGroup section */

/* Begin XCBuildConfiguration section */
		6F8E6BB72468798800FF7695 /* Debug */ = {
			isa = XCBuildConfiguration;
			buildSettings = {
				ALWAYS_SEARCH_USER_PATHS = NO;
				CLANG_ANALYZER_NONNULL = YES;
				CLANG_ANALYZER_NUMBER_OBJECT_CONVERSION = YES_AGGRESSIVE;
				CLANG_CXX_LANGUAGE_STANDARD = "gnu++14";
				CLANG_CXX_LIBRARY = "libc++";
				CLANG_ENABLE_MODULES = YES;
				CLANG_ENABLE_OBJC_ARC = YES;
				CLANG_ENABLE_OBJC_WEAK = YES;
				CLANG_WARN_BLOCK_CAPTURE_AUTORELEASING = YES;
				CLANG_WARN_BOOL_CONVERSION = YES;
				CLANG_WARN_COMMA = YES;
				CLANG_WARN_CONSTANT_CONVERSION = YES;
				CLANG_WARN_DEPRECATED_OBJC_IMPLEMENTATIONS = YES;
				CLANG_WARN_DIRECT_OBJC_ISA_USAGE = YES_ERROR;
				CLANG_WARN_DOCUMENTATION_COMMENTS = YES;
				CLANG_WARN_EMPTY_BODY = YES;
				CLANG_WARN_ENUM_CONVERSION = YES;
				CLANG_WARN_INFINITE_RECURSION = YES;
				CLANG_WARN_INT_CONVERSION = YES;
				CLANG_WARN_NON_LITERAL_NULL_CONVERSION = YES;
				CLANG_WARN_OBJC_IMPLICIT_RETAIN_SELF = YES;
				CLANG_WARN_OBJC_LITERAL_CONVERSION = YES;
				CLANG_WARN_OBJC_ROOT_CLASS = YES_ERROR;
				CLANG_WARN_RANGE_LOOP_ANALYSIS = YES;
				CLANG_WARN_STRICT_PROTOTYPES = YES;
				CLANG_WARN_SUSPICIOUS_MOVE = YES;
				CLANG_WARN_UNGUARDED_AVAILABILITY = YES_AGGRESSIVE;
				CLANG_WARN_UNREACHABLE_CODE = YES;
				CLANG_WARN__DUPLICATE_METHOD_MATCH = YES;
				COPY_PHASE_STRIP = NO;
				DEBUG_INFORMATION_FORMAT = dwarf;
				ENABLE_STRICT_OBJC_MSGSEND = YES;
				ENABLE_TESTABILITY = YES;
				GCC_C_LANGUAGE_STANDARD = gnu11;
				GCC_DYNAMIC_NO_PIC = NO;
				GCC_NO_COMMON_BLOCKS = YES;
				GCC_OPTIMIZATION_LEVEL = 0;
				GCC_PREPROCESSOR_DEFINITIONS = (
					"DEBUG=1",
					"$(inherited)",
				);
				GCC_WARN_64_TO_32_BIT_CONVERSION = YES;
				GCC_WARN_ABOUT_RETURN_TYPE = YES_ERROR;
				GCC_WARN_UNDECLARED_SELECTOR = YES;
				GCC_WARN_UNINITIALIZED_AUTOS = YES_AGGRESSIVE;
				GCC_WARN_UNUSED_FUNCTION = YES;
				GCC_WARN_UNUSED_VARIABLE = YES;
				IPHONEOS_DEPLOYMENT_TARGET = 13.4;
				MTL_ENABLE_DEBUG_INFO = INCLUDE_SOURCE;
				MTL_FAST_MATH = YES;
				ONLY_ACTIVE_ARCH = YES;
				SDKROOT = iphoneos;
				SWIFT_ACTIVE_COMPILATION_CONDITIONS = DEBUG;
				SWIFT_OPTIMIZATION_LEVEL = "-Onone";
			};
			name = Debug;
		};
		6F8E6BB82468798800FF7695 /* Release */ = {
			isa = XCBuildConfiguration;
			buildSettings = {
				ALWAYS_SEARCH_USER_PATHS = NO;
				CLANG_ANALYZER_NONNULL = YES;
				CLANG_ANALYZER_NUMBER_OBJECT_CONVERSION = YES_AGGRESSIVE;
				CLANG_CXX_LANGUAGE_STANDARD = "gnu++14";
				CLANG_CXX_LIBRARY = "libc++";
				CLANG_ENABLE_MODULES = YES;
				CLANG_ENABLE_OBJC_ARC = YES;
				CLANG_ENABLE_OBJC_WEAK = YES;
				CLANG_WARN_BLOCK_CAPTURE_AUTORELEASING = YES;
				CLANG_WARN_BOOL_CONVERSION = YES;
				CLANG_WARN_COMMA = YES;
				CLANG_WARN_CONSTANT_CONVERSION = YES;
				CLANG_WARN_DEPRECATED_OBJC_IMPLEMENTATIONS = YES;
				CLANG_WARN_DIRECT_OBJC_ISA_USAGE = YES_ERROR;
				CLANG_WARN_DOCUMENTATION_COMMENTS = YES;
				CLANG_WARN_EMPTY_BODY = YES;
				CLANG_WARN_ENUM_CONVERSION = YES;
				CLANG_WARN_INFINITE_RECURSION = YES;
				CLANG_WARN_INT_CONVERSION = YES;
				CLANG_WARN_NON_LITERAL_NULL_CONVERSION = YES;
				CLANG_WARN_OBJC_IMPLICIT_RETAIN_SELF = YES;
				CLANG_WARN_OBJC_LITERAL_CONVERSION = YES;
				CLANG_WARN_OBJC_ROOT_CLASS = YES_ERROR;
				CLANG_WARN_RANGE_LOOP_ANALYSIS = YES;
				CLANG_WARN_STRICT_PROTOTYPES = YES;
				CLANG_WARN_SUSPICIOUS_MOVE = YES;
				CLANG_WARN_UNGUARDED_AVAILABILITY = YES_AGGRESSIVE;
				CLANG_WARN_UNREACHABLE_CODE = YES;
				CLANG_WARN__DUPLICATE_METHOD_MATCH = YES;
				COPY_PHASE_STRIP = NO;
				DEBUG_INFORMATION_FORMAT = "dwarf-with-dsym";
				ENABLE_NS_ASSERTIONS = NO;
				ENABLE_STRICT_OBJC_MSGSEND = YES;
				GCC_C_LANGUAGE_STANDARD = gnu11;
				GCC_NO_COMMON_BLOCKS = YES;
				GCC_WARN_64_TO_32_BIT_CONVERSION = YES;
				GCC_WARN_ABOUT_RETURN_TYPE = YES_ERROR;
				GCC_WARN_UNDECLARED_SELECTOR = YES;
				GCC_WARN_UNINITIALIZED_AUTOS = YES_AGGRESSIVE;
				GCC_WARN_UNUSED_FUNCTION = YES;
				GCC_WARN_UNUSED_VARIABLE = YES;
				IPHONEOS_DEPLOYMENT_TARGET = 13.4;
				MTL_ENABLE_DEBUG_INFO = NO;
				MTL_FAST_MATH = YES;
				SDKROOT = iphoneos;
				SWIFT_COMPILATION_MODE = wholemodule;
				SWIFT_OPTIMIZATION_LEVEL = "-O";
				VALIDATE_PRODUCT = YES;
			};
			name = Release;
		};
		6F8E6BBA2468798800FF7695 /* Debug */ = {
			isa = XCBuildConfiguration;
			baseConfigurationReference = 7BD9A9590311BDF79AE98845 /* Pods-dividend-analyser.debug.xcconfig */;
			buildSettings = {
				ASSETCATALOG_COMPILER_APPICON_NAME = AppIcon;
				CODE_SIGN_STYLE = Automatic;
				DEVELOPMENT_TEAM = 8VHF8L87K3;
				INFOPLIST_FILE = "dividend-analyser/Info.plist";
				LD_RUNPATH_SEARCH_PATHS = (
					"$(inherited)",
					"@executable_path/Frameworks",
				);
				PRODUCT_BUNDLE_IDENTIFIER = "RB.dividend-analyser";
				PRODUCT_NAME = "$(TARGET_NAME)";
				SWIFT_VERSION = 5.0;
				TARGETED_DEVICE_FAMILY = "1,2";
			};
			name = Debug;
		};
		6F8E6BBB2468798800FF7695 /* Release */ = {
			isa = XCBuildConfiguration;
			baseConfigurationReference = 4FDD6D76422A1D9B879AD8E3 /* Pods-dividend-analyser.release.xcconfig */;
			buildSettings = {
				ASSETCATALOG_COMPILER_APPICON_NAME = AppIcon;
				CODE_SIGN_STYLE = Automatic;
				DEVELOPMENT_TEAM = 8VHF8L87K3;
				INFOPLIST_FILE = "dividend-analyser/Info.plist";
				LD_RUNPATH_SEARCH_PATHS = (
					"$(inherited)",
					"@executable_path/Frameworks",
				);
				PRODUCT_BUNDLE_IDENTIFIER = "RB.dividend-analyser";
				PRODUCT_NAME = "$(TARGET_NAME)";
				SWIFT_VERSION = 5.0;
				TARGETED_DEVICE_FAMILY = "1,2";
			};
			name = Release;
		};
		6F8E6BBD2468798800FF7695 /* Debug */ = {
			isa = XCBuildConfiguration;
			baseConfigurationReference = 91356CF458278A01F38BD19B /* Pods-dividend-analyserTests.debug.xcconfig */;
			buildSettings = {
				ALWAYS_EMBED_SWIFT_STANDARD_LIBRARIES = YES;
				BUNDLE_LOADER = "$(TEST_HOST)";
				CODE_SIGN_STYLE = Automatic;
				DEVELOPMENT_TEAM = 8VHF8L87K3;
				INFOPLIST_FILE = "dividend-analyserTests/Info.plist";
				IPHONEOS_DEPLOYMENT_TARGET = 13.4;
				LD_RUNPATH_SEARCH_PATHS = (
					"$(inherited)",
					"@executable_path/Frameworks",
					"@loader_path/Frameworks",
				);
				PRODUCT_BUNDLE_IDENTIFIER = "RB.dividend-analyserTests";
				PRODUCT_NAME = "$(TARGET_NAME)";
				SWIFT_VERSION = 5.0;
				TARGETED_DEVICE_FAMILY = "1,2";
				TEST_HOST = "$(BUILT_PRODUCTS_DIR)/dividend-analyser.app/dividend-analyser";
			};
			name = Debug;
		};
		6F8E6BBE2468798800FF7695 /* Release */ = {
			isa = XCBuildConfiguration;
			baseConfigurationReference = F9252F49F455A7A5DF45F176 /* Pods-dividend-analyserTests.release.xcconfig */;
			buildSettings = {
				ALWAYS_EMBED_SWIFT_STANDARD_LIBRARIES = YES;
				BUNDLE_LOADER = "$(TEST_HOST)";
				CODE_SIGN_STYLE = Automatic;
				DEVELOPMENT_TEAM = 8VHF8L87K3;
				INFOPLIST_FILE = "dividend-analyserTests/Info.plist";
				IPHONEOS_DEPLOYMENT_TARGET = 13.4;
				LD_RUNPATH_SEARCH_PATHS = (
					"$(inherited)",
					"@executable_path/Frameworks",
					"@loader_path/Frameworks",
				);
				PRODUCT_BUNDLE_IDENTIFIER = "RB.dividend-analyserTests";
				PRODUCT_NAME = "$(TARGET_NAME)";
				SWIFT_VERSION = 5.0;
				TARGETED_DEVICE_FAMILY = "1,2";
				TEST_HOST = "$(BUILT_PRODUCTS_DIR)/dividend-analyser.app/dividend-analyser";
			};
			name = Release;
		};
		6F8E6BC02468798800FF7695 /* Debug */ = {
			isa = XCBuildConfiguration;
			baseConfigurationReference = A14025D3D7F6FA0E7AB9D39E /* Pods-dividend-analyser-dividend-analyserUITests.debug.xcconfig */;
			buildSettings = {
				ALWAYS_EMBED_SWIFT_STANDARD_LIBRARIES = YES;
				CODE_SIGN_STYLE = Automatic;
				DEVELOPMENT_TEAM = 8VHF8L87K3;
				INFOPLIST_FILE = "dividend-analyserUITests/Info.plist";
				LD_RUNPATH_SEARCH_PATHS = (
					"$(inherited)",
					"@executable_path/Frameworks",
					"@loader_path/Frameworks",
				);
				PRODUCT_BUNDLE_IDENTIFIER = "RB.dividend-analyserUITests";
				PRODUCT_NAME = "$(TARGET_NAME)";
				SWIFT_VERSION = 5.0;
				TARGETED_DEVICE_FAMILY = "1,2";
				TEST_TARGET_NAME = "dividend-analyser";
			};
			name = Debug;
		};
		6F8E6BC12468798800FF7695 /* Release */ = {
			isa = XCBuildConfiguration;
			baseConfigurationReference = 68207D0A17F0E23F2BCC6E7C /* Pods-dividend-analyser-dividend-analyserUITests.release.xcconfig */;
			buildSettings = {
				ALWAYS_EMBED_SWIFT_STANDARD_LIBRARIES = YES;
				CODE_SIGN_STYLE = Automatic;
				DEVELOPMENT_TEAM = 8VHF8L87K3;
				INFOPLIST_FILE = "dividend-analyserUITests/Info.plist";
				LD_RUNPATH_SEARCH_PATHS = (
					"$(inherited)",
					"@executable_path/Frameworks",
					"@loader_path/Frameworks",
				);
				PRODUCT_BUNDLE_IDENTIFIER = "RB.dividend-analyserUITests";
				PRODUCT_NAME = "$(TARGET_NAME)";
				SWIFT_VERSION = 5.0;
				TARGETED_DEVICE_FAMILY = "1,2";
				TEST_TARGET_NAME = "dividend-analyser";
			};
			name = Release;
		};
/* End XCBuildConfiguration section */

/* Begin XCConfigurationList section */
		6F8E6B8A2468798600FF7695 /* Build configuration list for PBXProject "dividend-analyser" */ = {
			isa = XCConfigurationList;
			buildConfigurations = (
				6F8E6BB72468798800FF7695 /* Debug */,
				6F8E6BB82468798800FF7695 /* Release */,
			);
			defaultConfigurationIsVisible = 0;
			defaultConfigurationName = Release;
		};
		6F8E6BB92468798800FF7695 /* Build configuration list for PBXNativeTarget "dividend-analyser" */ = {
			isa = XCConfigurationList;
			buildConfigurations = (
				6F8E6BBA2468798800FF7695 /* Debug */,
				6F8E6BBB2468798800FF7695 /* Release */,
			);
			defaultConfigurationIsVisible = 0;
			defaultConfigurationName = Release;
		};
		6F8E6BBC2468798800FF7695 /* Build configuration list for PBXNativeTarget "dividend-analyserTests" */ = {
			isa = XCConfigurationList;
			buildConfigurations = (
				6F8E6BBD2468798800FF7695 /* Debug */,
				6F8E6BBE2468798800FF7695 /* Release */,
			);
			defaultConfigurationIsVisible = 0;
			defaultConfigurationName = Release;
		};
		6F8E6BBF2468798800FF7695 /* Build configuration list for PBXNativeTarget "dividend-analyserUITests" */ = {
			isa = XCConfigurationList;
			buildConfigurations = (
				6F8E6BC02468798800FF7695 /* Debug */,
				6F8E6BC12468798800FF7695 /* Release */,
			);
			defaultConfigurationIsVisible = 0;
			defaultConfigurationName = Release;
		};
/* End XCConfigurationList section */
	};
	rootObject = 6F8E6B872468798600FF7695 /* Project object */;
}
